// !$*UTF8*$!
{
	archiveVersion = 1;
	classes = {
	};
	objectVersion = 77;
	objects = {

/* Begin PBXBuildFile section */
		264ED4DE2E805739007DF03A /* HotKey in Frameworks */ = {isa = PBXBuildFile; productRef = 264ED4DD2E805739007DF03A /* HotKey */; };
		264ED4E12E805762007DF03A /* Sparkle in Frameworks */ = {isa = PBXBuildFile; productRef = 264ED4E02E805762007DF03A /* Sparkle */; };
/* End PBXBuildFile section */

/* Begin PBXContainerItemProxy section */
		264ED3362E8053C5007DF03A /* PBXContainerItemProxy */ = {
			isa = PBXContainerItemProxy;
			containerPortal = 264ED3202E8053C3007DF03A /* Project object */;
			proxyType = 1;
			remoteGlobalIDString = 264ED3272E8053C3007DF03A;
			remoteInfo = FontSwitch;
		};
		264ED3402E8053C5007DF03A /* PBXContainerItemProxy */ = {
			isa = PBXContainerItemProxy;
			containerPortal = 264ED3202E8053C3007DF03A /* Project object */;
			proxyType = 1;
			remoteGlobalIDString = 264ED3272E8053C3007DF03A;
			remoteInfo = FontSwitch;
		};
/* End PBXContainerItemProxy section */

/* Begin PBXFileReference section */
		264ED3282E8053C3007DF03A /* Font Switch.app */ = {isa = PBXFileReference; explicitFileType = wrapper.application; includeInIndex = 0; path = "Font Switch.app"; sourceTree = BUILT_PRODUCTS_DIR; };
		264ED3352E8053C5007DF03A /* FontSwitchTests.xctest */ = {isa = PBXFileReference; explicitFileType = wrapper.cfbundle; includeInIndex = 0; path = FontSwitchTests.xctest; sourceTree = BUILT_PRODUCTS_DIR; };
		264ED33F2E8053C5007DF03A /* FontSwitchUITests.xctest */ = {isa = PBXFileReference; explicitFileType = wrapper.cfbundle; includeInIndex = 0; path = FontSwitchUITests.xctest; sourceTree = BUILT_PRODUCTS_DIR; };
/* End PBXFileReference section */

/* Begin PBXFileSystemSynchronizedBuildFileExceptionSet section */
		264ED41D2E805626007DF03A /* Exceptions for "FontSwitch" folder in "FontSwitch" target */ = {
			isa = PBXFileSystemSynchronizedBuildFileExceptionSet;
			membershipExceptions = (
				Info.plist,
			);
			target = 264ED3272E8053C3007DF03A /* FontSwitch */;
		};
/* End PBXFileSystemSynchronizedBuildFileExceptionSet section */

/* Begin PBXFileSystemSynchronizedRootGroup section */
		264ED32A2E8053C3007DF03A /* FontSwitch */ = {
			isa = PBXFileSystemSynchronizedRootGroup;
			exceptions = (
				264ED41D2E805626007DF03A /* Exceptions for "FontSwitch" folder in "FontSwitch" target */,
			);
			path = FontSwitch;
			sourceTree = "<group>";
		};
		264ED3382E8053C5007DF03A /* FontSwitchTests */ = {
			isa = PBXFileSystemSynchronizedRootGroup;
			path = FontSwitchTests;
			sourceTree = "<group>";
		};
		264ED3422E8053C5007DF03A /* FontSwitchUITests */ = {
			isa = PBXFileSystemSynchronizedRootGroup;
			path = FontSwitchUITests;
			sourceTree = "<group>";
		};
/* End PBXFileSystemSynchronizedRootGroup section */

/* Begin PBXFrameworksBuildPhase section */
		264ED3252E8053C3007DF03A /* Frameworks */ = {
			isa = PBXFrameworksBuildPhase;
			buildActionMask = 2147483647;
			files = (
				264ED4DE2E805739007DF03A /* HotKey in Frameworks */,
				264ED4E12E805762007DF03A /* Sparkle in Frameworks */,
			);
			runOnlyForDeploymentPostprocessing = 0;
		};
		264ED3322E8053C5007DF03A /* Frameworks */ = {
			isa = PBXFrameworksBuildPhase;
			buildActionMask = 2147483647;
			files = (
			);
			runOnlyForDeploymentPostprocessing = 0;
		};
		264ED33C2E8053C5007DF03A /* Frameworks */ = {
			isa = PBXFrameworksBuildPhase;
			buildActionMask = 2147483647;
			files = (
			);
			runOnlyForDeploymentPostprocessing = 0;
		};
/* End PBXFrameworksBuildPhase section */

/* Begin PBXGroup section */
		264ED31F2E8053C3007DF03A = {
			isa = PBXGroup;
			children = (
				264ED32A2E8053C3007DF03A /* FontSwitch */,
				264ED3382E8053C5007DF03A /* FontSwitchTests */,
				264ED3422E8053C5007DF03A /* FontSwitchUITests */,
				264ED3292E8053C3007DF03A /* Products */,
			);
			sourceTree = "<group>";
		};
		264ED3292E8053C3007DF03A /* Products */ = {
			isa = PBXGroup;
			children = (
				264ED3282E8053C3007DF03A /* Font Switch.app */,
				264ED3352E8053C5007DF03A /* FontSwitchTests.xctest */,
				264ED33F2E8053C5007DF03A /* FontSwitchUITests.xctest */,
			);
			name = Products;
			sourceTree = "<group>";
		};
/* End PBXGroup section */

/* Begin PBXNativeTarget section */
		264ED3272E8053C3007DF03A /* FontSwitch */ = {
			isa = PBXNativeTarget;
			buildConfigurationList = 264ED3492E8053C5007DF03A /* Build configuration list for PBXNativeTarget "FontSwitch" */;
			buildPhases = (
				264ED3242E8053C3007DF03A /* Sources */,
				264ED3252E8053C3007DF03A /* Frameworks */,
				264ED3262E8053C3007DF03A /* Resources */,
			);
			buildRules = (
			);
			dependencies = (
			);
			fileSystemSynchronizedGroups = (
				264ED32A2E8053C3007DF03A /* FontSwitch */,
			);
			name = FontSwitch;
			packageProductDependencies = (
				264ED4DD2E805739007DF03A /* HotKey */,
				264ED4E02E805762007DF03A /* Sparkle */,
			);
			productName = FontSwitch;
			productReference = 264ED3282E8053C3007DF03A /* Font Switch.app */;
			productType = "com.apple.product-type.application";
		};
		264ED3342E8053C5007DF03A /* FontSwitchTests */ = {
			isa = PBXNativeTarget;
			buildConfigurationList = 264ED34C2E8053C5007DF03A /* Build configuration list for PBXNativeTarget "FontSwitchTests" */;
			buildPhases = (
				264ED3312E8053C5007DF03A /* Sources */,
				264ED3322E8053C5007DF03A /* Frameworks */,
				264ED3332E8053C5007DF03A /* Resources */,
			);
			buildRules = (
			);
			dependencies = (
				264ED3372E8053C5007DF03A /* PBXTargetDependency */,
			);
			fileSystemSynchronizedGroups = (
				264ED3382E8053C5007DF03A /* FontSwitchTests */,
			);
			name = FontSwitchTests;
			packageProductDependencies = (
			);
			productName = FontSwitchTests;
			productReference = 264ED3352E8053C5007DF03A /* FontSwitchTests.xctest */;
			productType = "com.apple.product-type.bundle.unit-test";
		};
		264ED33E2E8053C5007DF03A /* FontSwitchUITests */ = {
			isa = PBXNativeTarget;
			buildConfigurationList = 264ED34F2E8053C5007DF03A /* Build configuration list for PBXNativeTarget "FontSwitchUITests" */;
			buildPhases = (
				264ED33B2E8053C5007DF03A /* Sources */,
				264ED33C2E8053C5007DF03A /* Frameworks */,
				264ED33D2E8053C5007DF03A /* Resources */,
			);
			buildRules = (
			);
			dependencies = (
				264ED3412E8053C5007DF03A /* PBXTargetDependency */,
			);
			fileSystemSynchronizedGroups = (
				264ED3422E8053C5007DF03A /* FontSwitchUITests */,
			);
			name = FontSwitchUITests;
			packageProductDependencies = (
			);
			productName = FontSwitchUITests;
			productReference = 264ED33F2E8053C5007DF03A /* FontSwitchUITests.xctest */;
			productType = "com.apple.product-type.bundle.ui-testing";
		};
/* End PBXNativeTarget section */

/* Begin PBXProject section */
		264ED3202E8053C3007DF03A /* Project object */ = {
			isa = PBXProject;
			attributes = {
				BuildIndependentTargetsInParallel = 1;
				LastSwiftUpdateCheck = 2600;
				LastUpgradeCheck = 2600;
				TargetAttributes = {
					264ED3272E8053C3007DF03A = {
						CreatedOnToolsVersion = 26.0;
					};
					264ED3342E8053C5007DF03A = {
						CreatedOnToolsVersion = 26.0;
						TestTargetID = 264ED3272E8053C3007DF03A;
					};
					264ED33E2E8053C5007DF03A = {
						CreatedOnToolsVersion = 26.0;
						TestTargetID = 264ED3272E8053C3007DF03A;
					};
				};
			};
			buildConfigurationList = 264ED3232E8053C3007DF03A /* Build configuration list for PBXProject "FontSwitch" */;
			developmentRegion = en;
			hasScannedForEncodings = 0;
			knownRegions = (
				en,
				Base,
			);
			mainGroup = 264ED31F2E8053C3007DF03A;
			minimizedProjectReferenceProxies = 1;
			packageReferences = (
				264ED4DC2E805739007DF03A /* XCRemoteSwiftPackageReference "HotKey" */,
				264ED4DF2E805762007DF03A /* XCRemoteSwiftPackageReference "Sparkle" */,
			);
			preferredProjectObjectVersion = 77;
			productRefGroup = 264ED3292E8053C3007DF03A /* Products */;
			projectDirPath = "";
			projectRoot = "";
			targets = (
				264ED3272E8053C3007DF03A /* FontSwitch */,
				264ED3342E8053C5007DF03A /* FontSwitchTests */,
				264ED33E2E8053C5007DF03A /* FontSwitchUITests */,
			);
		};
/* End PBXProject section */

/* Begin PBXResourcesBuildPhase section */
		264ED3262E8053C3007DF03A /* Resources */ = {
			isa = PBXResourcesBuildPhase;
			buildActionMask = 2147483647;
			files = (
			);
			runOnlyForDeploymentPostprocessing = 0;
		};
		264ED3332E8053C5007DF03A /* Resources */ = {
			isa = PBXResourcesBuildPhase;
			buildActionMask = 2147483647;
			files = (
			);
			runOnlyForDeploymentPostprocessing = 0;
		};
		264ED33D2E8053C5007DF03A /* Resources */ = {
			isa = PBXResourcesBuildPhase;
			buildActionMask = 2147483647;
			files = (
			);
			runOnlyForDeploymentPostprocessing = 0;
		};
/* End PBXResourcesBuildPhase section */

/* Begin PBXSourcesBuildPhase section */
		264ED3242E8053C3007DF03A /* Sources */ = {
			isa = PBXSourcesBuildPhase;
			buildActionMask = 2147483647;
			files = (
			);
			runOnlyForDeploymentPostprocessing = 0;
		};
		264ED3312E8053C5007DF03A /* Sources */ = {
			isa = PBXSourcesBuildPhase;
			buildActionMask = 2147483647;
			files = (
			);
			runOnlyForDeploymentPostprocessing = 0;
		};
		264ED33B2E8053C5007DF03A /* Sources */ = {
			isa = PBXSourcesBuildPhase;
			buildActionMask = 2147483647;
			files = (
			);
			runOnlyForDeploymentPostprocessing = 0;
		};
/* End PBXSourcesBuildPhase section */

/* Begin PBXTargetDependency section */
		264ED3372E8053C5007DF03A /* PBXTargetDependency */ = {
			isa = PBXTargetDependency;
			target = 264ED3272E8053C3007DF03A /* FontSwitch */;
			targetProxy = 264ED3362E8053C5007DF03A /* PBXContainerItemProxy */;
		};
		264ED3412E8053C5007DF03A /* PBXTargetDependency */ = {
			isa = PBXTargetDependency;
			target = 264ED3272E8053C3007DF03A /* FontSwitch */;
			targetProxy = 264ED3402E8053C5007DF03A /* PBXContainerItemProxy */;
		};
/* End PBXTargetDependency section */

/* Begin XCBuildConfiguration section */
		264ED3472E8053C5007DF03A /* Debug */ = {
			isa = XCBuildConfiguration;
			buildSettings = {
				ALWAYS_SEARCH_USER_PATHS = NO;
				ASSETCATALOG_COMPILER_GENERATE_SWIFT_ASSET_SYMBOL_EXTENSIONS = YES;
				CLANG_ANALYZER_NONNULL = YES;
				CLANG_ANALYZER_NUMBER_OBJECT_CONVERSION = YES_AGGRESSIVE;
				CLANG_CXX_LANGUAGE_STANDARD = "gnu++20";
				CLANG_ENABLE_MODULES = YES;
				CLANG_ENABLE_OBJC_ARC = YES;
				CLANG_ENABLE_OBJC_WEAK = YES;
				CLANG_WARN_BLOCK_CAPTURE_AUTORELEASING = YES;
				CLANG_WARN_BOOL_CONVERSION = YES;
				CLANG_WARN_COMMA = YES;
				CLANG_WARN_CONSTANT_CONVERSION = YES;
				CLANG_WARN_DEPRECATED_OBJC_IMPLEMENTATIONS = YES;
				CLANG_WARN_DIRECT_OBJC_ISA_USAGE = YES_ERROR;
				CLANG_WARN_DOCUMENTATION_COMMENTS = YES;
				CLANG_WARN_EMPTY_BODY = YES;
				CLANG_WARN_ENUM_CONVERSION = YES;
				CLANG_WARN_INFINITE_RECURSION = YES;
				CLANG_WARN_INT_CONVERSION = YES;
				CLANG_WARN_NON_LITERAL_NULL_CONVERSION = YES;
				CLANG_WARN_OBJC_IMPLICIT_RETAIN_SELF = YES;
				CLANG_WARN_OBJC_LITERAL_CONVERSION = YES;
				CLANG_WARN_OBJC_ROOT_CLASS = YES_ERROR;
				CLANG_WARN_QUOTED_INCLUDE_IN_FRAMEWORK_HEADER = YES;
				CLANG_WARN_RANGE_LOOP_ANALYSIS = YES;
				CLANG_WARN_STRICT_PROTOTYPES = YES;
				CLANG_WARN_SUSPICIOUS_MOVE = YES;
				CLANG_WARN_UNGUARDED_AVAILABILITY = YES_AGGRESSIVE;
				CLANG_WARN_UNREACHABLE_CODE = YES;
				CLANG_WARN__DUPLICATE_METHOD_MATCH = YES;
				COPY_PHASE_STRIP = NO;
				DEBUG_INFORMATION_FORMAT = dwarf;
				DEVELOPMENT_TEAM = VHBU87Y8F3;
				ENABLE_STRICT_OBJC_MSGSEND = YES;
				ENABLE_TESTABILITY = YES;
				ENABLE_USER_SCRIPT_SANDBOXING = YES;
				GCC_C_LANGUAGE_STANDARD = gnu17;
				GCC_DYNAMIC_NO_PIC = NO;
				GCC_NO_COMMON_BLOCKS = YES;
				GCC_OPTIMIZATION_LEVEL = 0;
				GCC_PREPROCESSOR_DEFINITIONS = (
					"DEBUG=1",
					"$(inherited)",
				);
				GCC_WARN_64_TO_32_BIT_CONVERSION = YES;
				GCC_WARN_ABOUT_RETURN_TYPE = YES_ERROR;
				GCC_WARN_UNDECLARED_SELECTOR = YES;
				GCC_WARN_UNINITIALIZED_AUTOS = YES_AGGRESSIVE;
				GCC_WARN_UNUSED_FUNCTION = YES;
				GCC_WARN_UNUSED_VARIABLE = YES;
				LOCALIZATION_PREFERS_STRING_CATALOGS = YES;
				MACOSX_DEPLOYMENT_TARGET = 26.0;
				MTL_ENABLE_DEBUG_INFO = INCLUDE_SOURCE;
				MTL_FAST_MATH = YES;
				ONLY_ACTIVE_ARCH = YES;
				SDKROOT = macosx;
				SWIFT_ACTIVE_COMPILATION_CONDITIONS = "DEBUG $(inherited)";
				SWIFT_OPTIMIZATION_LEVEL = "-Onone";
			};
			name = Debug;
		};
		264ED3482E8053C5007DF03A /* Release */ = {
			isa = XCBuildConfiguration;
			buildSettings = {
				ALWAYS_SEARCH_USER_PATHS = NO;
				ASSETCATALOG_COMPILER_GENERATE_SWIFT_ASSET_SYMBOL_EXTENSIONS = YES;
				CLANG_ANALYZER_NONNULL = YES;
				CLANG_ANALYZER_NUMBER_OBJECT_CONVERSION = YES_AGGRESSIVE;
				CLANG_CXX_LANGUAGE_STANDARD = "gnu++20";
				CLANG_ENABLE_MODULES = YES;
				CLANG_ENABLE_OBJC_ARC = YES;
				CLANG_ENABLE_OBJC_WEAK = YES;
				CLANG_WARN_BLOCK_CAPTURE_AUTORELEASING = YES;
				CLANG_WARN_BOOL_CONVERSION = YES;
				CLANG_WARN_COMMA = YES;
				CLANG_WARN_CONSTANT_CONVERSION = YES;
				CLANG_WARN_DEPRECATED_OBJC_IMPLEMENTATIONS = YES;
				CLANG_WARN_DIRECT_OBJC_ISA_USAGE = YES_ERROR;
				CLANG_WARN_DOCUMENTATION_COMMENTS = YES;
				CLANG_WARN_EMPTY_BODY = YES;
				CLANG_WARN_ENUM_CONVERSION = YES;
				CLANG_WARN_INFINITE_RECURSION = YES;
				CLANG_WARN_INT_CONVERSION = YES;
				CLANG_WARN_NON_LITERAL_NULL_CONVERSION = YES;
				CLANG_WARN_OBJC_IMPLICIT_RETAIN_SELF = YES;
				CLANG_WARN_OBJC_LITERAL_CONVERSION = YES;
				CLANG_WARN_OBJC_ROOT_CLASS = YES_ERROR;
				CLANG_WARN_QUOTED_INCLUDE_IN_FRAMEWORK_HEADER = YES;
				CLANG_WARN_RANGE_LOOP_ANALYSIS = YES;
				CLANG_WARN_STRICT_PROTOTYPES = YES;
				CLANG_WARN_SUSPICIOUS_MOVE = YES;
				CLANG_WARN_UNGUARDED_AVAILABILITY = YES_AGGRESSIVE;
				CLANG_WARN_UNREACHABLE_CODE = YES;
				CLANG_WARN__DUPLICATE_METHOD_MATCH = YES;
				COPY_PHASE_STRIP = NO;
				DEBUG_INFORMATION_FORMAT = "dwarf-with-dsym";
				DEVELOPMENT_TEAM = VHBU87Y8F3;
				ENABLE_NS_ASSERTIONS = NO;
				ENABLE_STRICT_OBJC_MSGSEND = YES;
				ENABLE_USER_SCRIPT_SANDBOXING = YES;
				GCC_C_LANGUAGE_STANDARD = gnu17;
				GCC_NO_COMMON_BLOCKS = YES;
				GCC_WARN_64_TO_32_BIT_CONVERSION = YES;
				GCC_WARN_ABOUT_RETURN_TYPE = YES_ERROR;
				GCC_WARN_UNDECLARED_SELECTOR = YES;
				GCC_WARN_UNINITIALIZED_AUTOS = YES_AGGRESSIVE;
				GCC_WARN_UNUSED_FUNCTION = YES;
				GCC_WARN_UNUSED_VARIABLE = YES;
				LOCALIZATION_PREFERS_STRING_CATALOGS = YES;
				MACOSX_DEPLOYMENT_TARGET = 26.0;
				MTL_ENABLE_DEBUG_INFO = NO;
				MTL_FAST_MATH = YES;
				SDKROOT = macosx;
				SWIFT_COMPILATION_MODE = wholemodule;
			};
			name = Release;
		};
		264ED34A2E8053C5007DF03A /* Debug */ = {
			isa = XCBuildConfiguration;
			buildSettings = {
				ASSETCATALOG_COMPILER_APPICON_NAME = AppIcon;
				ASSETCATALOG_COMPILER_GLOBAL_ACCENT_COLOR_NAME = AccentColor;
				AUTOMATION_APPLE_EVENTS = YES;
				CODE_SIGN_STYLE = Automatic;
				COMBINE_HIDPI_IMAGES = YES;
				CURRENT_PROJECT_VERSION = 1;
				DEVELOPMENT_TEAM = "";
				ENABLE_APP_SANDBOX = YES;
				ENABLE_HARDENED_RUNTIME = YES;
				ENABLE_INCOMING_NETWORK_CONNECTIONS = YES;
				ENABLE_OUTGOING_NETWORK_CONNECTIONS = YES;
				ENABLE_PREVIEWS = YES;
				ENABLE_RESOURCE_ACCESS_AUDIO_INPUT = NO;
				ENABLE_RESOURCE_ACCESS_BLUETOOTH = NO;
				ENABLE_RESOURCE_ACCESS_CALENDARS = NO;
				ENABLE_RESOURCE_ACCESS_CAMERA = NO;
				ENABLE_RESOURCE_ACCESS_CONTACTS = NO;
				ENABLE_RESOURCE_ACCESS_LOCATION = NO;
				ENABLE_RESOURCE_ACCESS_PHOTO_LIBRARY = NO;
				ENABLE_RESOURCE_ACCESS_PRINTING = NO;
				ENABLE_RESOURCE_ACCESS_USB = NO;
				GENERATE_INFOPLIST_FILE = YES;
				INFOPLIST_FILE = FontSwitch/Info.plist;
				INFOPLIST_KEY_CFBundleDisplayName = "Font Switch";
				INFOPLIST_KEY_LSApplicationCategoryType = "public.app-category.utilities";
				INFOPLIST_KEY_NSAppleEventsUsageDescription = "Apple Events permission is required to format text across applications.";
				INFOPLIST_KEY_NSHumanReadableCopyright = "© 2025 J.P. Toro";
				LD_RUNPATH_SEARCH_PATHS = (
					"$(inherited)",
					"@executable_path/../Frameworks",
				);
				MACOSX_DEPLOYMENT_TARGET = 15.0;
				MARKETING_VERSION = 1.0;
				PRODUCT_BUNDLE_IDENTIFIER = com.example.FontSwitch;
				PRODUCT_MODULE_NAME = FontSwitch;
				PRODUCT_NAME = "Font Switch";
				REGISTER_APP_GROUPS = YES;
				RUNTIME_EXCEPTION_ALLOW_DYLD_ENVIRONMENT_VARIABLES = NO;
				RUNTIME_EXCEPTION_ALLOW_JIT = NO;
				RUNTIME_EXCEPTION_ALLOW_UNSIGNED_EXECUTABLE_MEMORY = NO;
				RUNTIME_EXCEPTION_DEBUGGING_TOOL = NO;
				RUNTIME_EXCEPTION_DISABLE_EXECUTABLE_PAGE_PROTECTION = NO;
				RUNTIME_EXCEPTION_DISABLE_LIBRARY_VALIDATION = NO;
				STRING_CATALOG_GENERATE_SYMBOLS = YES;
				SWIFT_APPROACHABLE_CONCURRENCY = YES;
				SWIFT_DEFAULT_ACTOR_ISOLATION = MainActor;
				SWIFT_EMIT_LOC_STRINGS = YES;
				SWIFT_STRICT_CONCURRENCY = complete;
				SWIFT_UPCOMING_FEATURE_EXISTENTIAL_ANY = YES;
				SWIFT_UPCOMING_FEATURE_INTERNAL_IMPORTS_BY_DEFAULT = YES;
				SWIFT_UPCOMING_FEATURE_MEMBER_IMPORT_VISIBILITY = YES;
				SWIFT_VERSION = 6.0;
			};
			name = Debug;
		};
		264ED34B2E8053C5007DF03A /* Release */ = {
			isa = XCBuildConfiguration;
			buildSettings = {
				ASSETCATALOG_COMPILER_APPICON_NAME = AppIcon;
				ASSETCATALOG_COMPILER_GLOBAL_ACCENT_COLOR_NAME = AccentColor;
				AUTOMATION_APPLE_EVENTS = YES;
				CODE_SIGN_STYLE = Automatic;
				COMBINE_HIDPI_IMAGES = YES;
				CURRENT_PROJECT_VERSION = 1;
				DEVELOPMENT_TEAM = "";
				ENABLE_APP_SANDBOX = YES;
				ENABLE_HARDENED_RUNTIME = YES;
				ENABLE_INCOMING_NETWORK_CONNECTIONS = YES;
				ENABLE_OUTGOING_NETWORK_CONNECTIONS = YES;
				ENABLE_PREVIEWS = YES;
				ENABLE_RESOURCE_ACCESS_AUDIO_INPUT = NO;
				ENABLE_RESOURCE_ACCESS_BLUETOOTH = NO;
				ENABLE_RESOURCE_ACCESS_CALENDARS = NO;
				ENABLE_RESOURCE_ACCESS_CAMERA = NO;
				ENABLE_RESOURCE_ACCESS_CONTACTS = NO;
				ENABLE_RESOURCE_ACCESS_LOCATION = NO;
				ENABLE_RESOURCE_ACCESS_PHOTO_LIBRARY = NO;
				ENABLE_RESOURCE_ACCESS_PRINTING = NO;
				ENABLE_RESOURCE_ACCESS_USB = NO;
				GENERATE_INFOPLIST_FILE = YES;
				INFOPLIST_FILE = FontSwitch/Info.plist;
				INFOPLIST_KEY_CFBundleDisplayName = "Font Switch";
				INFOPLIST_KEY_LSApplicationCategoryType = "public.app-category.utilities";
				INFOPLIST_KEY_NSAppleEventsUsageDescription = "Apple Events permission is required to format text across applications.";
				INFOPLIST_KEY_NSHumanReadableCopyright = "© 2025 J.P. Toro";
				LD_RUNPATH_SEARCH_PATHS = (
					"$(inherited)",
					"@executable_path/../Frameworks",
				);
				MACOSX_DEPLOYMENT_TARGET = 15.0;
				MARKETING_VERSION = 1.0;
				PRODUCT_BUNDLE_IDENTIFIER = com.example.FontSwitch;
				PRODUCT_MODULE_NAME = FontSwitch;
				PRODUCT_NAME = "Font Switch";
				REGISTER_APP_GROUPS = YES;
				RUNTIME_EXCEPTION_ALLOW_DYLD_ENVIRONMENT_VARIABLES = NO;
				RUNTIME_EXCEPTION_ALLOW_JIT = NO;
				RUNTIME_EXCEPTION_ALLOW_UNSIGNED_EXECUTABLE_MEMORY = NO;
				RUNTIME_EXCEPTION_DEBUGGING_TOOL = NO;
				RUNTIME_EXCEPTION_DISABLE_EXECUTABLE_PAGE_PROTECTION = NO;
				RUNTIME_EXCEPTION_DISABLE_LIBRARY_VALIDATION = NO;
				STRING_CATALOG_GENERATE_SYMBOLS = YES;
				SWIFT_APPROACHABLE_CONCURRENCY = YES;
				SWIFT_DEFAULT_ACTOR_ISOLATION = MainActor;
				SWIFT_EMIT_LOC_STRINGS = YES;
				SWIFT_STRICT_CONCURRENCY = complete;
				SWIFT_UPCOMING_FEATURE_EXISTENTIAL_ANY = YES;
				SWIFT_UPCOMING_FEATURE_INTERNAL_IMPORTS_BY_DEFAULT = YES;
				SWIFT_UPCOMING_FEATURE_MEMBER_IMPORT_VISIBILITY = YES;
				SWIFT_VERSION = 6.0;
			};
			name = Release;
		};
		264ED34D2E8053C5007DF03A /* Debug */ = {
			isa = XCBuildConfiguration;
			buildSettings = {
				BUNDLE_LOADER = "$(TEST_HOST)";
				CODE_SIGN_STYLE = Automatic;
				CURRENT_PROJECT_VERSION = 1;
				DEVELOPMENT_TEAM = VHBU87Y8F3;
				GENERATE_INFOPLIST_FILE = YES;
				MACOSX_DEPLOYMENT_TARGET = 26.0;
				MARKETING_VERSION = 1.0;
				PRODUCT_BUNDLE_IDENTIFIER = com.example.FontSwitchTests;
				PRODUCT_NAME = "$(TARGET_NAME)";
				STRING_CATALOG_GENERATE_SYMBOLS = NO;
				SWIFT_APPROACHABLE_CONCURRENCY = YES;
				SWIFT_EMIT_LOC_STRINGS = NO;
				SWIFT_UPCOMING_FEATURE_MEMBER_IMPORT_VISIBILITY = YES;
				SWIFT_VERSION = 5.0;
				TEST_HOST = "$(BUILT_PRODUCTS_DIR)/FontSwitch.app/$(BUNDLE_EXECUTABLE_FOLDER_PATH)/FontSwitch";
			};
			name = Debug;
		};
		264ED34E2E8053C5007DF03A /* Release */ = {
			isa = XCBuildConfiguration;
			buildSettings = {
				BUNDLE_LOADER = "$(TEST_HOST)";
				CODE_SIGN_STYLE = Automatic;
				CURRENT_PROJECT_VERSION = 1;
				DEVELOPMENT_TEAM = VHBU87Y8F3;
				GENERATE_INFOPLIST_FILE = YES;
				MACOSX_DEPLOYMENT_TARGET = 26.0;
				MARKETING_VERSION = 1.0;
				PRODUCT_BUNDLE_IDENTIFIER = com.example.FontSwitchTests;
				PRODUCT_NAME = "$(TARGET_NAME)";
				STRING_CATALOG_GENERATE_SYMBOLS = NO;
				SWIFT_APPROACHABLE_CONCURRENCY = YES;
				SWIFT_EMIT_LOC_STRINGS = NO;
				SWIFT_UPCOMING_FEATURE_MEMBER_IMPORT_VISIBILITY = YES;
				SWIFT_VERSION = 5.0;
				TEST_HOST = "$(BUILT_PRODUCTS_DIR)/FontSwitch.app/$(BUNDLE_EXECUTABLE_FOLDER_PATH)/FontSwitch";
			};
			name = Release;
		};
		264ED3502E8053C5007DF03A /* Debug */ = {
			isa = XCBuildConfiguration;
			buildSettings = {
				CODE_SIGN_STYLE = Automatic;
				CURRENT_PROJECT_VERSION = 1;
				DEVELOPMENT_TEAM = VHBU87Y8F3;
				GENERATE_INFOPLIST_FILE = YES;
				MARKETING_VERSION = 1.0;
				PRODUCT_BUNDLE_IDENTIFIER = com.example.FontSwitchUITests;
				PRODUCT_NAME = "$(TARGET_NAME)";
				STRING_CATALOG_GENERATE_SYMBOLS = NO;
				SWIFT_APPROACHABLE_CONCURRENCY = YES;
				SWIFT_EMIT_LOC_STRINGS = NO;
				SWIFT_UPCOMING_FEATURE_MEMBER_IMPORT_VISIBILITY = YES;
				SWIFT_VERSION = 5.0;
				TEST_TARGET_NAME = FontSwitch;
			};
			name = Debug;
		};
		264ED3512E8053C5007DF03A /* Release */ = {
			isa = XCBuildConfiguration;
			buildSettings = {
				CODE_SIGN_STYLE = Automatic;
				CURRENT_PROJECT_VERSION = 1;
				DEVELOPMENT_TEAM = VHBU87Y8F3;
				GENERATE_INFOPLIST_FILE = YES;
				MARKETING_VERSION = 1.0;
				PRODUCT_BUNDLE_IDENTIFIER = com.example.FontSwitchUITests;
				PRODUCT_NAME = "$(TARGET_NAME)";
				STRING_CATALOG_GENERATE_SYMBOLS = NO;
				SWIFT_APPROACHABLE_CONCURRENCY = YES;
				SWIFT_EMIT_LOC_STRINGS = NO;
				SWIFT_UPCOMING_FEATURE_MEMBER_IMPORT_VISIBILITY = YES;
				SWIFT_VERSION = 5.0;
				TEST_TARGET_NAME = FontSwitch;
			};
			name = Release;
		};
/* End XCBuildConfiguration section */

/* Begin XCConfigurationList section */
		264ED3232E8053C3007DF03A /* Build configuration list for PBXProject "FontSwitch" */ = {
			isa = XCConfigurationList;
			buildConfigurations = (
				264ED3472E8053C5007DF03A /* Debug */,
				264ED3482E8053C5007DF03A /* Release */,
			);
			defaultConfigurationIsVisible = 0;
			defaultConfigurationName = Release;
		};
		264ED3492E8053C5007DF03A /* Build configuration list for PBXNativeTarget "FontSwitch" */ = {
			isa = XCConfigurationList;
			buildConfigurations = (
				264ED34A2E8053C5007DF03A /* Debug */,
				264ED34B2E8053C5007DF03A /* Release */,
			);
			defaultConfigurationIsVisible = 0;
			defaultConfigurationName = Release;
		};
		264ED34C2E8053C5007DF03A /* Build configuration list for PBXNativeTarget "FontSwitchTests" */ = {
			isa = XCConfigurationList;
			buildConfigurations = (
				264ED34D2E8053C5007DF03A /* Debug */,
				264ED34E2E8053C5007DF03A /* Release */,
			);
			defaultConfigurationIsVisible = 0;
			defaultConfigurationName = Release;
		};
		264ED34F2E8053C5007DF03A /* Build configuration list for PBXNativeTarget "FontSwitchUITests" */ = {
			isa = XCConfigurationList;
			buildConfigurations = (
				264ED3502E8053C5007DF03A /* Debug */,
				264ED3512E8053C5007DF03A /* Release */,
			);
			defaultConfigurationIsVisible = 0;
			defaultConfigurationName = Release;
		};
/* End XCConfigurationList section */

/* Begin XCRemoteSwiftPackageReference section */
		264ED4DC2E805739007DF03A /* XCRemoteSwiftPackageReference "HotKey" */ = {
			isa = XCRemoteSwiftPackageReference;
			repositoryURL = "https://github.com/soffes/HotKey.git";
			requirement = {
				branch = main;
				kind = branch;
			};
		};
		264ED4DF2E805762007DF03A /* XCRemoteSwiftPackageReference "Sparkle" */ = {
			isa = XCRemoteSwiftPackageReference;
			repositoryURL = "https://github.com/sparkle-project/Sparkle.git";
			requirement = {
				kind = upToNextMajorVersion;
				minimumVersion = 2.8.0;
			};
		};
/* End XCRemoteSwiftPackageReference section */

/* Begin XCSwiftPackageProductDependency section */
		264ED4DD2E805739007DF03A /* HotKey */ = {
			isa = XCSwiftPackageProductDependency;
			package = 264ED4DC2E805739007DF03A /* XCRemoteSwiftPackageReference "HotKey" */;
			productName = HotKey;
		};
		264ED4E02E805762007DF03A /* Sparkle */ = {
			isa = XCSwiftPackageProductDependency;
			package = 264ED4DF2E805762007DF03A /* XCRemoteSwiftPackageReference "Sparkle" */;
			productName = Sparkle;
		};
/* End XCSwiftPackageProductDependency section */
	};
	rootObject = 264ED3202E8053C3007DF03A /* Project object */;
}
